
Microsoft Visual Studio Solution File, Format Version 12.00
# Visual Studio Version 16
VisualStudioVersion = 16.0.30907.101
MinimumVisualStudioVersion = 10.0.40219.1
Project("{FAE04EC0-301F-11D3-BF4B-00C04F79EFBC}") = "OrderManager.Api", "OrderManager.Api\OrderManager.Api.csproj", "{AD6E5A56-E29D-4671-A933-B0EA3E838262}"
EndProject
Project("{FAE04EC0-301F-11D3-BF4B-00C04F79EFBC}") = "OrderManager.Core", "OrderManager.Core\OrderManager.Core.csproj", "{09CF3DCF-2E20-4AA9-A927-560216FAC5C3}"
EndProject
Project("{FAE04EC0-301F-11D3-BF4B-00C04F79EFBC}") = "OrderManager.Infraestructure", "OrderManager.Infraestructure\OrderManager.Infraestructure.csproj", "{922DEE48-AA0F-455B-97D7-98DBF7C0DF7B}"
EndProject
Project("{2150E333-8FDC-42A3-9474-1A3956D46DE8}") = "Test", "Test", "{369B6926-6AFA-4C43-B9FB-69B716C03680}"
EndProject
Project("{FAE04EC0-301F-11D3-BF4B-00C04F79EFBC}") = "OrderManager.UnitTests", "OrderManager.UnitTests\OrderManager.UnitTests.csproj", "{427224DC-7975-499B-BF87-62F54F0FD077}"
EndProject
Project("{FAE04EC0-301F-11D3-BF4B-00C04F79EFBC}") = "OrderManager.IntegrationTest", "OrderManager.IntegrationTest\OrderManager.IntegrationTest.csproj", "{BF28916F-82A1-4A51-B3DA-5B8986D1211F}"
EndProject
Global
	GlobalSection(SolutionConfigurationPlatforms) = preSolution
		Debug|Any CPU = Debug|Any CPU
		Release|Any CPU = Release|Any CPU
	EndGlobalSection
	GlobalSection(ProjectConfigurationPlatforms) = postSolution
		{AD6E5A56-E29D-4671-A933-B0EA3E838262}.Debug|Any CPU.ActiveCfg = Debug|Any CPU
		{AD6E5A56-E29D-4671-A933-B0EA3E838262}.Debug|Any CPU.Build.0 = Debug|Any CPU
		{AD6E5A56-E29D-4671-A933-B0EA3E838262}.Release|Any CPU.ActiveCfg = Release|Any CPU
		{AD6E5A56-E29D-4671-A933-B0EA3E838262}.Release|Any CPU.Build.0 = Release|Any CPU
		{09CF3DCF-2E20-4AA9-A927-560216FAC5C3}.Debug|Any CPU.ActiveCfg = Debug|Any CPU
		{09CF3DCF-2E20-4AA9-A927-560216FAC5C3}.Debug|Any CPU.Build.0 = Debug|Any CPU
		{09CF3DCF-2E20-4AA9-A927-560216FAC5C3}.Release|Any CPU.ActiveCfg = Release|Any CPU
		{09CF3DCF-2E20-4AA9-A927-560216FAC5C3}.Release|Any CPU.Build.0 = Release|Any CPU
		{922DEE48-AA0F-455B-97D7-98DBF7C0DF7B}.Debug|Any CPU.ActiveCfg = Debug|Any CPU
		{922DEE48-AA0F-455B-97D7-98DBF7C0DF7B}.Debug|Any CPU.Build.0 = Debug|Any CPU
		{922DEE48-AA0F-455B-97D7-98DBF7C0DF7B}.Release|Any CPU.ActiveCfg = Release|Any CPU
		{922DEE48-AA0F-455B-97D7-98DBF7C0DF7B}.Release|Any CPU.Build.0 = Release|Any CPU
		{427224DC-7975-499B-BF87-62F54F0FD077}.Debug|Any CPU.ActiveCfg = Debug|Any CPU
		{427224DC-7975-499B-BF87-62F54F0FD077}.Debug|Any CPU.Build.0 = Debug|Any CPU
		{427224DC-7975-499B-BF87-62F54F0FD077}.Release|Any CPU.ActiveCfg = Release|Any CPU
		{427224DC-7975-499B-BF87-62F54F0FD077}.Release|Any CPU.Build.0 = Release|Any CPU
		{BF28916F-82A1-4A51-B3DA-5B8986D1211F}.Debug|Any CPU.ActiveCfg = Debug|Any CPU
		{BF28916F-82A1-4A51-B3DA-5B8986D1211F}.Debug|Any CPU.Build.0 = Debug|Any CPU
		{BF28916F-82A1-4A51-B3DA-5B8986D1211F}.Release|Any CPU.ActiveCfg = Release|Any CPU
		{BF28916F-82A1-4A51-B3DA-5B8986D1211F}.Release|Any CPU.Build.0 = Release|Any CPU
	EndGlobalSection
	GlobalSection(SolutionProperties) = preSolution
		HideSolutionNode = FALSE
	EndGlobalSection
	GlobalSection(NestedProjects) = preSolution
		{427224DC-7975-499B-BF87-62F54F0FD077} = {369B6926-6AFA-4C43-B9FB-69B716C03680}
		{BF28916F-82A1-4A51-B3DA-5B8986D1211F} = {369B6926-6AFA-4C43-B9FB-69B716C03680}
	EndGlobalSection
	GlobalSection(ExtensibilityGlobals) = postSolution
		SolutionGuid = {C7801D5D-EA7B-412B-BC0D-C30FBD834432}
	EndGlobalSection
EndGlobal
